// !$*UTF8*$!
{
	archiveVersion = 1;
	classes = {
	};
	objectVersion = 46;
	objects = {

/* Begin PBXBuildFile section */
		EB52B7DE1EB06AC4002BD2F5 /* main.m in Sources */ = {isa = PBXBuildFile; fileRef = EB52B7DD1EB06AC4002BD2F5 /* main.m */; };
		EB52B7E11EB06AC4002BD2F5 /* AppDelegate.m in Sources */ = {isa = PBXBuildFile; fileRef = EB52B7E01EB06AC4002BD2F5 /* AppDelegate.m */; };
		EB52B7E71EB06AC4002BD2F5 /* Main.storyboard in Resources */ = {isa = PBXBuildFile; fileRef = EB52B7E51EB06AC4002BD2F5 /* Main.storyboard */; };
		EB52B7E91EB06AC4002BD2F5 /* Assets.xcassets in Resources */ = {isa = PBXBuildFile; fileRef = EB52B7E81EB06AC4002BD2F5 /* Assets.xcassets */; };
		EB52B7EC1EB06AC4002BD2F5 /* LaunchScreen.storyboard in Resources */ = {isa = PBXBuildFile; fileRef = EB52B7EA1EB06AC4002BD2F5 /* LaunchScreen.storyboard */; };
		EB52B7F81EB0746B002BD2F5 /* CustomTransitionDelegate.m in Sources */ = {isa = PBXBuildFile; fileRef = EB52B7F71EB0746B002BD2F5 /* CustomTransitionDelegate.m */; };
		EBA319A71EB1B26F0031BD13 /* CustomAnimationController.m in Sources */ = {isa = PBXBuildFile; fileRef = EBA319A61EB1B26F0031BD13 /* CustomAnimationController.m */; };
		EBA319AA1EB1B47A0031BD13 /* CustomTabBarController.m in Sources */ = {isa = PBXBuildFile; fileRef = EBA319A91EB1B47A0031BD13 /* CustomTabBarController.m */; };
		EBC170E21EB1EEE900AE6E80 /* CustomPresentationController.m in Sources */ = {isa = PBXBuildFile; fileRef = EBC170E11EB1EEE900AE6E80 /* CustomPresentationController.m */; };
		EBE439E31EB30C7B0055FD4F /* PresentViewController.m in Sources */ = {isa = PBXBuildFile; fileRef = EBE439E11EB30C7B0055FD4F /* PresentViewController.m */; };
		EBE439E71EB32E3B0055FD4F /* PopViewController.m in Sources */ = {isa = PBXBuildFile; fileRef = EBE439E61EB32E3B0055FD4F /* PopViewController.m */; };
/* End PBXBuildFile section */

/* Begin PBXFileReference section */
		EB52B7D91EB06AC4002BD2F5 /* TransitionAnimationDemo.app */ = {isa = PBXFileReference; explicitFileType = wrapper.application; includeInIndex = 0; path = TransitionAnimationDemo.app; sourceTree = BUILT_PRODUCTS_DIR; };
		EB52B7DD1EB06AC4002BD2F5 /* main.m */ = {isa = PBXFileReference; lastKnownFileType = sourcecode.c.objc; path = main.m; sourceTree = "<group>"; };
		EB52B7DF1EB06AC4002BD2F5 /* AppDelegate.h */ = {isa = PBXFileReference; lastKnownFileType = sourcecode.c.h; path = AppDelegate.h; sourceTree = "<group>"; };
		EB52B7E01EB06AC4002BD2F5 /* AppDelegate.m */ = {isa = PBXFileReference; lastKnownFileType = sourcecode.c.objc; path = AppDelegate.m; sourceTree = "<group>"; };
		EB52B7E61EB06AC4002BD2F5 /* Base */ = {isa = PBXFileReference; lastKnownFileType = file.storyboard; name = Base; path = Base.lproj/Main.storyboard; sourceTree = "<group>"; };
		EB52B7E81EB06AC4002BD2F5 /* Assets.xcassets */ = {isa = PBXFileReference; lastKnownFileType = folder.assetcatalog; path = Assets.xcassets; sourceTree = "<group>"; };
		EB52B7EB1EB06AC4002BD2F5 /* Base */ = {isa = PBXFileReference; lastKnownFileType = file.storyboard; name = Base; path = Base.lproj/LaunchScreen.storyboard; sourceTree = "<group>"; };
		EB52B7ED1EB06AC4002BD2F5 /* Info.plist */ = {isa = PBXFileReference; lastKnownFileType = text.plist.xml; path = Info.plist; sourceTree = "<group>"; };
		EB52B7F61EB0746B002BD2F5 /* CustomTransitionDelegate.h */ = {isa = PBXFileReference; fileEncoding = 4; lastKnownFileType = sourcecode.c.h; path = CustomTransitionDelegate.h; sourceTree = "<group>"; };
		EB52B7F71EB0746B002BD2F5 /* CustomTransitionDelegate.m */ = {isa = PBXFileReference; fileEncoding = 4; lastKnownFileType = sourcecode.c.objc; path = CustomTransitionDelegate.m; sourceTree = "<group>"; };
		EBA319A21EB1908F0031BD13 /* Common.h */ = {isa = PBXFileReference; fileEncoding = 4; lastKnownFileType = sourcecode.c.h; path = Common.h; sourceTree = "<group>"; };
		EBA319A31EB190EF0031BD13 /* PrefixHeader.pch */ = {isa = PBXFileReference; fileEncoding = 4; lastKnownFileType = sourcecode.c.h; path = PrefixHeader.pch; sourceTree = "<group>"; };
		EBA319A51EB1B26F0031BD13 /* CustomAnimationController.h */ = {isa = PBXFileReference; fileEncoding = 4; lastKnownFileType = sourcecode.c.h; path = CustomAnimationController.h; sourceTree = "<group>"; };
		EBA319A61EB1B26F0031BD13 /* CustomAnimationController.m */ = {isa = PBXFileReference; fileEncoding = 4; lastKnownFileType = sourcecode.c.objc; path = CustomAnimationController.m; sourceTree = "<group>"; };
		EBA319A81EB1B47A0031BD13 /* CustomTabBarController.h */ = {isa = PBXFileReference; fileEncoding = 4; lastKnownFileType = sourcecode.c.h; path = CustomTabBarController.h; sourceTree = "<group>"; };
		EBA319A91EB1B47A0031BD13 /* CustomTabBarController.m */ = {isa = PBXFileReference; fileEncoding = 4; lastKnownFileType = sourcecode.c.objc; path = CustomTabBarController.m; sourceTree = "<group>"; };
		EBC170E01EB1EEE900AE6E80 /* CustomPresentationController.h */ = {isa = PBXFileReference; fileEncoding = 4; lastKnownFileType = sourcecode.c.h; path = CustomPresentationController.h; sourceTree = "<group>"; };
		EBC170E11EB1EEE900AE6E80 /* CustomPresentationController.m */ = {isa = PBXFileReference; fileEncoding = 4; lastKnownFileType = sourcecode.c.objc; path = CustomPresentationController.m; sourceTree = "<group>"; };
		EBE439E01EB30C7B0055FD4F /* PresentViewController.h */ = {isa = PBXFileReference; fileEncoding = 4; lastKnownFileType = sourcecode.c.h; path = PresentViewController.h; sourceTree = "<group>"; };
		EBE439E11EB30C7B0055FD4F /* PresentViewController.m */ = {isa = PBXFileReference; fileEncoding = 4; lastKnownFileType = sourcecode.c.objc; path = PresentViewController.m; sourceTree = "<group>"; };
		EBE439E51EB32E3B0055FD4F /* PopViewController.h */ = {isa = PBXFileReference; fileEncoding = 4; lastKnownFileType = sourcecode.c.h; path = PopViewController.h; sourceTree = "<group>"; };
		EBE439E61EB32E3B0055FD4F /* PopViewController.m */ = {isa = PBXFileReference; fileEncoding = 4; lastKnownFileType = sourcecode.c.objc; path = PopViewController.m; sourceTree = "<group>"; };
/* End PBXFileReference section */

/* Begin PBXFrameworksBuildPhase section */
		EB52B7D61EB06AC4002BD2F5 /* Frameworks */ = {
			isa = PBXFrameworksBuildPhase;
			buildActionMask = 2147483647;
			files = (
			);
			runOnlyForDeploymentPostprocessing = 0;
		};
/* End PBXFrameworksBuildPhase section */

/* Begin PBXGroup section */
		EB52B7D01EB06AC4002BD2F5 = {
			isa = PBXGroup;
			children = (
				EB52B7DB1EB06AC4002BD2F5 /* TransitionAnimationDemo */,
				EB52B7DA1EB06AC4002BD2F5 /* Products */,
			);
			sourceTree = "<group>";
		};
		EB52B7DA1EB06AC4002BD2F5 /* Products */ = {
			isa = PBXGroup;
			children = (
				EB52B7D91EB06AC4002BD2F5 /* TransitionAnimationDemo.app */,
			);
			name = Products;
			sourceTree = "<group>";
		};
		EB52B7DB1EB06AC4002BD2F5 /* TransitionAnimationDemo */ = {
			isa = PBXGroup;
			children = (
				EBA319A41EB1B24E0031BD13 /* AnimationController */,
				EB52B7F41EB06F2C002BD2F5 /* TransitionDelegate */,
				EB52B7DF1EB06AC4002BD2F5 /* AppDelegate.h */,
				EB52B7E01EB06AC4002BD2F5 /* AppDelegate.m */,
				EBA319A81EB1B47A0031BD13 /* CustomTabBarController.h */,
				EBA319A91EB1B47A0031BD13 /* CustomTabBarController.m */,
				EBE439E01EB30C7B0055FD4F /* PresentViewController.h */,
				EBE439E11EB30C7B0055FD4F /* PresentViewController.m */,
				EBE439E51EB32E3B0055FD4F /* PopViewController.h */,
				EBE439E61EB32E3B0055FD4F /* PopViewController.m */,
				EBA319A21EB1908F0031BD13 /* Common.h */,
				EBA319A31EB190EF0031BD13 /* PrefixHeader.pch */,
				EB52B7E51EB06AC4002BD2F5 /* Main.storyboard */,
				EB52B7E81EB06AC4002BD2F5 /* Assets.xcassets */,
				EB52B7EA1EB06AC4002BD2F5 /* LaunchScreen.storyboard */,
				EB52B7ED1EB06AC4002BD2F5 /* Info.plist */,
				EB52B7DC1EB06AC4002BD2F5 /* Supporting Files */,
			);
			path = TransitionAnimationDemo;
			sourceTree = "<group>";
		};
		EB52B7DC1EB06AC4002BD2F5 /* Supporting Files */ = {
			isa = PBXGroup;
			children = (
				EB52B7DD1EB06AC4002BD2F5 /* main.m */,
			);
			name = "Supporting Files";
			sourceTree = "<group>";
		};
		EB52B7F41EB06F2C002BD2F5 /* TransitionDelegate */ = {
			isa = PBXGroup;
			children = (
				EB52B7F61EB0746B002BD2F5 /* CustomTransitionDelegate.h */,
				EB52B7F71EB0746B002BD2F5 /* CustomTransitionDelegate.m */,
			);
			path = TransitionDelegate;
			sourceTree = "<group>";
		};
		EBA319A41EB1B24E0031BD13 /* AnimationController */ = {
			isa = PBXGroup;
			children = (
				EBA319A51EB1B26F0031BD13 /* CustomAnimationController.h */,
				EBA319A61EB1B26F0031BD13 /* CustomAnimationController.m */,
				EBC170E01EB1EEE900AE6E80 /* CustomPresentationController.h */,
				EBC170E11EB1EEE900AE6E80 /* CustomPresentationController.m */,
			);
			path = AnimationController;
			sourceTree = "<group>";
		};
/* End PBXGroup section */

/* Begin PBXNativeTarget section */
		EB52B7D81EB06AC4002BD2F5 /* TransitionAnimationDemo */ = {
			isa = PBXNativeTarget;
			buildConfigurationList = EB52B7F01EB06AC4002BD2F5 /* Build configuration list for PBXNativeTarget "TransitionAnimationDemo" */;
			buildPhases = (
				EB52B7D51EB06AC4002BD2F5 /* Sources */,
				EB52B7D61EB06AC4002BD2F5 /* Frameworks */,
				EB52B7D71EB06AC4002BD2F5 /* Resources */,
			);
			buildRules = (
			);
			dependencies = (
			);
			name = TransitionAnimationDemo;
			productName = TransitionAnimationDemo;
			productReference = EB52B7D91EB06AC4002BD2F5 /* TransitionAnimationDemo.app */;
			productType = "com.apple.product-type.application";
		};
/* End PBXNativeTarget section */

/* Begin PBXProject section */
		EB52B7D11EB06AC4002BD2F5 /* Project object */ = {
			isa = PBXProject;
			attributes = {
				LastUpgradeCheck = 0820;
				ORGANIZATIONNAME = JimmyLTS;
				TargetAttributes = {
					EB52B7D81EB06AC4002BD2F5 = {
						CreatedOnToolsVersion = 8.2.1;
						DevelopmentTeam = XDK267KQ83;
						ProvisioningStyle = Manual;
					};
				};
			};
			buildConfigurationList = EB52B7D41EB06AC4002BD2F5 /* Build configuration list for PBXProject "TransitionAnimationDemo" */;
			compatibilityVersion = "Xcode 3.2";
			developmentRegion = English;
			hasScannedForEncodings = 0;
			knownRegions = (
				en,
				Base,
			);
			mainGroup = EB52B7D01EB06AC4002BD2F5;
			productRefGroup = EB52B7DA1EB06AC4002BD2F5 /* Products */;
			projectDirPath = "";
			projectRoot = "";
			targets = (
				EB52B7D81EB06AC4002BD2F5 /* TransitionAnimationDemo */,
			);
		};
/* End PBXProject section */

/* Begin PBXResourcesBuildPhase section */
		EB52B7D71EB06AC4002BD2F5 /* Resources */ = {
			isa = PBXResourcesBuildPhase;
			buildActionMask = 2147483647;
			files = (
				EB52B7EC1EB06AC4002BD2F5 /* LaunchScreen.storyboard in Resources */,
				EB52B7E91EB06AC4002BD2F5 /* Assets.xcassets in Resources */,
				EB52B7E71EB06AC4002BD2F5 /* Main.storyboard in Resources */,
			);
			runOnlyForDeploymentPostprocessing = 0;
		};
/* End PBXResourcesBuildPhase section */

/* Begin PBXSourcesBuildPhase section */
		EB52B7D51EB06AC4002BD2F5 /* Sources */ = {
			isa = PBXSourcesBuildPhase;
			buildActionMask = 2147483647;
			files = (
				EB52B7E11EB06AC4002BD2F5 /* AppDelegate.m in Sources */,
				EB52B7F81EB0746B002BD2F5 /* CustomTransitionDelegate.m in Sources */,
				EBE439E31EB30C7B0055FD4F /* PresentViewController.m in Sources */,
				EB52B7DE1EB06AC4002BD2F5 /* main.m in Sources */,
				EBE439E71EB32E3B0055FD4F /* PopViewController.m in Sources */,
				EBA319AA1EB1B47A0031BD13 /* CustomTabBarController.m in Sources */,
				EBC170E21EB1EEE900AE6E80 /* CustomPresentationController.m in Sources */,
				EBA319A71EB1B26F0031BD13 /* CustomAnimationController.m in Sources */,
			);
			runOnlyForDeploymentPostprocessing = 0;
		};
/* End PBXSourcesBuildPhase section */

/* Begin PBXVariantGroup section */
		EB52B7E51EB06AC4002BD2F5 /* Main.storyboard */ = {
			isa = PBXVariantGroup;
			children = (
				EB52B7E61EB06AC4002BD2F5 /* Base */,
			);
			name = Main.storyboard;
			sourceTree = "<group>";
		};
		EB52B7EA1EB06AC4002BD2F5 /* LaunchScreen.storyboard */ = {
			isa = PBXVariantGroup;
			children = (
				EB52B7EB1EB06AC4002BD2F5 /* Base */,
			);
			name = LaunchScreen.storyboard;
			sourceTree = "<group>";
		};
/* End PBXVariantGroup section */

/* Begin XCBuildConfiguration section */
		EB52B7EE1EB06AC4002BD2F5 /* Debug */ = {
			isa = XCBuildConfiguration;
			buildSettings = {
				ALWAYS_SEARCH_USER_PATHS = NO;
				CLANG_ANALYZER_NONNULL = YES;
				CLANG_CXX_LANGUAGE_STANDARD = "gnu++0x";
				CLANG_CXX_LIBRARY = "libc++";
				CLANG_ENABLE_MODULES = YES;
				CLANG_ENABLE_OBJC_ARC = YES;
				CLANG_WARN_BOOL_CONVERSION = YES;
				CLANG_WARN_CONSTANT_CONVERSION = YES;
				CLANG_WARN_DIRECT_OBJC_ISA_USAGE = YES_ERROR;
				CLANG_WARN_DOCUMENTATION_COMMENTS = YES;
				CLANG_WARN_EMPTY_BODY = YES;
				CLANG_WARN_ENUM_CONVERSION = YES;
				CLANG_WARN_INFINITE_RECURSION = YES;
				CLANG_WARN_INT_CONVERSION = YES;
				CLANG_WARN_OBJC_ROOT_CLASS = YES_ERROR;
				CLANG_WARN_SUSPICIOUS_MOVE = YES;
				CLANG_WARN_UNREACHABLE_CODE = YES;
				CLANG_WARN__DUPLICATE_METHOD_MATCH = YES;
				"CODE_SIGN_IDENTITY[sdk=iphoneos*]" = "iPhone Developer";
				COPY_PHASE_STRIP = NO;
				DEBUG_INFORMATION_FORMAT = dwarf;
				ENABLE_STRICT_OBJC_MSGSEND = YES;
				ENABLE_TESTABILITY = YES;
				GCC_C_LANGUAGE_STANDARD = gnu99;
				GCC_DYNAMIC_NO_PIC = NO;
				GCC_NO_COMMON_BLOCKS = YES;
				GCC_OPTIMIZATION_LEVEL = 0;
				GCC_PREPROCESSOR_DEFINITIONS = (
					"DEBUG=1",
					"$(inherited)",
				);
				GCC_WARN_64_TO_32_BIT_CONVERSION = YES;
				GCC_WARN_ABOUT_RETURN_TYPE = YES_ERROR;
				GCC_WARN_UNDECLARED_SELECTOR = YES;
				GCC_WARN_UNINITIALIZED_AUTOS = YES_AGGRESSIVE;
				GCC_WARN_UNUSED_FUNCTION = YES;
				GCC_WARN_UNUSED_VARIABLE = YES;
				IPHONEOS_DEPLOYMENT_TARGET = 10.2;
				MTL_ENABLE_DEBUG_INFO = YES;
				ONLY_ACTIVE_ARCH = YES;
				SDKROOT = iphoneos;
				TARGETED_DEVICE_FAMILY = "1,2";
			};
			name = Debug;
		};
		EB52B7EF1EB06AC4002BD2F5 /* Release */ = {
			isa = XCBuildConfiguration;
			buildSettings = {
				ALWAYS_SEARCH_USER_PATHS = NO;
				CLANG_ANALYZER_NONNULL = YES;
				CLANG_CXX_LANGUAGE_STANDARD = "gnu++0x";
				CLANG_CXX_LIBRARY = "libc++";
				CLANG_ENABLE_MODULES = YES;
				CLANG_ENABLE_OBJC_ARC = YES;
				CLANG_WARN_BOOL_CONVERSION = YES;
				CLANG_WARN_CONSTANT_CONVERSION = YES;
				CLANG_WARN_DIRECT_OBJC_ISA_USAGE = YES_ERROR;
				CLANG_WARN_DOCUMENTATION_COMMENTS = YES;
				CLANG_WARN_EMPTY_BODY = YES;
				CLANG_WARN_ENUM_CONVERSION = YES;
				CLANG_WARN_INFINITE_RECURSION = YES;
				CLANG_WARN_INT_CONVERSION = YES;
				CLANG_WARN_OBJC_ROOT_CLASS = YES_ERROR;
				CLANG_WARN_SUSPICIOUS_MOVE = YES;
				CLANG_WARN_UNREACHABLE_CODE = YES;
				CLANG_WARN__DUPLICATE_METHOD_MATCH = YES;
				"CODE_SIGN_IDENTITY[sdk=iphoneos*]" = "iPhone Developer";
				COPY_PHASE_STRIP = NO;
				DEBUG_INFORMATION_FORMAT = "dwarf-with-dsym";
				ENABLE_NS_ASSERTIONS = NO;
				ENABLE_STRICT_OBJC_MSGSEND = YES;
				GCC_C_LANGUAGE_STANDARD = gnu99;
				GCC_NO_COMMON_BLOCKS = YES;
				GCC_WARN_64_TO_32_BIT_CONVERSION = YES;
				GCC_WARN_ABOUT_RETURN_TYPE = YES_ERROR;
				GCC_WARN_UNDECLARED_SELECTOR = YES;
				GCC_WARN_UNINITIALIZED_AUTOS = YES_AGGRESSIVE;
				GCC_WARN_UNUSED_FUNCTION = YES;
				GCC_WARN_UNUSED_VARIABLE = YES;
				IPHONEOS_DEPLOYMENT_TARGET = 10.2;
				MTL_ENABLE_DEBUG_INFO = NO;
				SDKROOT = iphoneos;
				TARGETED_DEVICE_FAMILY = "1,2";
				VALIDATE_PRODUCT = YES;
			};
			name = Release;
		};
		EB52B7F11EB06AC4002BD2F5 /* Debug */ = {
			isa = XCBuildConfiguration;
			buildSettings = {
				ASSETCATALOG_COMPILER_APPICON_NAME = AppIcon;
				DEVELOPMENT_TEAM = XDK267KQ83;
				GCC_PRECOMPILE_PREFIX_HEADER = YES;
				GCC_PREFIX_HEADER = "$(SRCROOT)/TransitionAnimationDemo/PrefixHeader.pch";
				INFOPLIST_FILE = TransitionAnimationDemo/Info.plist;
				IPHONEOS_DEPLOYMENT_TARGET = 8.0;
				LD_RUNPATH_SEARCH_PATHS = "$(inherited) @executable_path/Frameworks";
				PRODUCT_BUNDLE_IDENTIFIER = com.jimmylts.TransitionAnimationDemo;
				PRODUCT_NAME = "$(TARGET_NAME)";
				PROVISIONING_PROFILE = "7e67f3f7-3099-43e9-9307-e63a9ccb9e01";
				PROVISIONING_PROFILE_SPECIFIER = "XC Wildcard *";
			};
			name = Debug;
		};
		EB52B7F21EB06AC4002BD2F5 /* Release */ = {
			isa = XCBuildConfiguration;
			buildSettings = {
				ASSETCATALOG_COMPILER_APPICON_NAME = AppIcon;
				DEVELOPMENT_TEAM = "";
				GCC_PRECOMPILE_PREFIX_HEADER = YES;
				GCC_PREFIX_HEADER = "$(SRCROOT)/TransitionAnimationDemo/PrefixHeader.pch";
				INFOPLIST_FILE = TransitionAnimationDemo/Info.plist;
				IPHONEOS_DEPLOYMENT_TARGET = 8.0;
				LD_RUNPATH_SEARCH_PATHS = "$(inherited) @executable_path/Frameworks";
				PRODUCT_BUNDLE_IDENTIFIER = com.jimmylts.TransitionAnimationDemo;
				PRODUCT_NAME = "$(TARGET_NAME)";
			};
			name = Release;
		};
/* End XCBuildConfiguration section */

/* Begin XCConfigurationList section */
		EB52B7D41EB06AC4002BD2F5 /* Build configuration list for PBXProject "TransitionAnimationDemo" */ = {
			isa = XCConfigurationList;
			buildConfigurations = (
				EB52B7EE1EB06AC4002BD2F5 /* Debug */,
				EB52B7EF1EB06AC4002BD2F5 /* Release */,
			);
			defaultConfigurationIsVisible = 0;
			defaultConfigurationName = Release;
		};
		EB52B7F01EB06AC4002BD2F5 /* Build configuration list for PBXNativeTarget "TransitionAnimationDemo" */ = {
			isa = XCConfigurationList;
			buildConfigurations = (
				EB52B7F11EB06AC4002BD2F5 /* Debug */,
				EB52B7F21EB06AC4002BD2F5 /* Release */,
			);
			defaultConfigurationIsVisible = 0;
			defaultConfigurationName = Release;
		};
/* End XCConfigurationList section */
	};
	rootObject = EB52B7D11EB06AC4002BD2F5 /* Project object */;
}
